hash: 7dfe34c8a933bf0af48d2cc5e29bc6cd0d2ebbe7f1e912c4ecf304d204242278
updated: 2017-09-11T19:26:56.998728777+12:00
imports:
- name: github.com/asdine/storm
  version: 255212403bcca439778718edf5e2d3d50744eca3
  subpackages:
  - codec
  - codec/json
  - index
  - internal
  - q
- name: github.com/aws/aws-sdk-go
  version: af01be3e6edf79e6f07b5816cfe0d2c6717e5c7f
  subpackages:
  - aws
  - aws/awserr
  - aws/awsutil
  - aws/client
  - aws/client/metadata
  - aws/corehandlers
  - aws/credentials
  - aws/credentials/ec2rolecreds
  - aws/credentials/endpointcreds
  - aws/credentials/stscreds
  - aws/defaults
  - aws/ec2metadata
  - aws/endpoints
  - aws/request
  - aws/session
  - aws/signer/v4
  - internal/shareddefaults
  - private/protocol
  - private/protocol/ec2query
  - private/protocol/json/jsonutil
  - private/protocol/jsonrpc
  - private/protocol/query
  - private/protocol/query/queryutil
  - private/protocol/rest
  - private/protocol/xml/xmlutil
  - service/autoscaling
  - service/cloudwatch
  - service/dynamodb
  - service/ec2
  - service/rds
  - service/sts
- name: github.com/boltdb/bolt
  version: 2f1ce7a837dcb8da3ec595b1dac9d0632f0f99e8
- name: github.com/cihub/seelog
  version: d2c6e5aa9fbfdd1c624e140287063c7730654115
- name: github.com/franela/goreq
  version: b5b0f5eb2d16f20345cce0a544a75163579c0b00
- name: github.com/go-ini/ini
  version: 3d73f4b845efdf9989fffd4b4e562727744a34ba
- name: github.com/google/go-querystring
  version: 53e6ce116135b80d037921a7fdd5138cf32d7a8a
  subpackages:
  - query
- name: github.com/jmespath/go-jmespath
  version: bd40a432e4c76585ef6b72d3fd96fb9b6dc7b68d
- name: github.com/opsgenie/opsgenie-go-sdk
  version: 75d4f6257bfbea787c5c362f5116c328f401b43e
  subpackages:
  - alerts
  - alertsv2
  - alertsv2/savedsearches
  - client
  - contact
  - escalation
  - heartbeat
  - integration
  - logging
  - policy
  - schedule
  - scheduleoverride
  - team
  - user
- name: github.com/urfave/cli
  version: cfb38830724cc34fedffe9a2a29fb54fa9169cd1
- name: golang.org/x/sys
  version: 43e60d72a8e2bd92ee98319ba9a384a0e9837c08
  subpackages:
  - unix
testImports: []
